// !$*UTF8*$!
{
	archiveVersion = 1;
	classes = {
	};
	objectVersion = 46;
	objects = {

/* Begin PBXBuildFile section */
		87BA37711D8F35F900F3C02E /* PassportViewController.swift in Sources */ = {isa = PBXBuildFile; fileRef = 8778AF5C1D7AAA1200340C8B /* PassportViewController.swift */; };
		87BA37721D8F35F900F3C02E /* AppDelegate.swift in Sources */ = {isa = PBXBuildFile; fileRef = 8778AF4A1D7AA86600340C8B /* AppDelegate.swift */; };
		87BA37731D8F35F900F3C02E /* PassportTextField.swift in Sources */ = {isa = PBXBuildFile; fileRef = 87E5361E1D88C9EB00EB1DBA /* PassportTextField.swift */; };
		87BA37751D8F35F900F3C02E /* Pods_PassportOCR.framework in Frameworks */ = {isa = PBXBuildFile; fileRef = 68094E3CED13E6A10E952C0C /* Pods_PassportOCR.framework */; };
		87BA37771D8F35F900F3C02E /* LaunchScreen.storyboard in Resources */ = {isa = PBXBuildFile; fileRef = 8778AF531D7AA86600340C8B /* LaunchScreen.storyboard */; };
		87BA37781D8F35F900F3C02E /* tessdata in Resources */ = {isa = PBXBuildFile; fileRef = 8795AC941D7CB4D500B66C38 /* tessdata */; };
		87BA37791D8F35F900F3C02E /* Assets.xcassets in Resources */ = {isa = PBXBuildFile; fileRef = 87CC2B4F1D86CC3800A10D6C /* Assets.xcassets */; };
		87BA377A1D8F35F900F3C02E /* Main.storyboard in Resources */ = {isa = PBXBuildFile; fileRef = 8778AF4E1D7AA86600340C8B /* Main.storyboard */; };
		87BA377B1D8F35F900F3C02E /* CountryCodes.txt in Resources */ = {isa = PBXBuildFile; fileRef = 87569EB41D8A9E9E002093B1 /* CountryCodes.txt */; };
		87EEF4DE1D7F01F5008FADA0 /* PassportOCRTests.swift in Sources */ = {isa = PBXBuildFile; fileRef = 87EEF4DD1D7F01F5008FADA0 /* PassportOCRTests.swift */; };
/* End PBXBuildFile section */

/* Begin PBXFileReference section */
		119D9EA4599EEB73E01A6F0B /* Pods-PassportOCR.debug.xcconfig */ = {isa = PBXFileReference; includeInIndex = 1; lastKnownFileType = text.xcconfig; name = "Pods-PassportOCR.debug.xcconfig"; path = "Pods/Target Support Files/Pods-PassportOCR/Pods-PassportOCR.debug.xcconfig"; sourceTree = "<group>"; };
		1231E8D8D0E5326475EF8218 /* Pods-PassportOCR.release.xcconfig */ = {isa = PBXFileReference; includeInIndex = 1; lastKnownFileType = text.xcconfig; name = "Pods-PassportOCR.release.xcconfig"; path = "Pods/Target Support Files/Pods-PassportOCR/Pods-PassportOCR.release.xcconfig"; sourceTree = "<group>"; };
		68094E3CED13E6A10E952C0C /* Pods_PassportOCR.framework */ = {isa = PBXFileReference; explicitFileType = wrapper.framework; includeInIndex = 0; path = Pods_PassportOCR.framework; sourceTree = BUILT_PRODUCTS_DIR; };
		87569EB41D8A9E9E002093B1 /* CountryCodes.txt */ = {isa = PBXFileReference; fileEncoding = 4; lastKnownFileType = text; path = CountryCodes.txt; sourceTree = "<group>"; };
		8778AF4A1D7AA86600340C8B /* AppDelegate.swift */ = {isa = PBXFileReference; lastKnownFileType = sourcecode.swift; path = AppDelegate.swift; sourceTree = "<group>"; };
		8778AF4F1D7AA86600340C8B /* Base */ = {isa = PBXFileReference; lastKnownFileType = file.storyboard; name = Base; path = Base.lproj/Main.storyboard; sourceTree = "<group>"; };
		8778AF541D7AA86600340C8B /* Base */ = {isa = PBXFileReference; lastKnownFileType = file.storyboard; name = Base; path = Base.lproj/LaunchScreen.storyboard; sourceTree = "<group>"; };
		8778AF561D7AA86600340C8B /* Info.plist */ = {isa = PBXFileReference; lastKnownFileType = text.plist.xml; path = Info.plist; sourceTree = "<group>"; };
		8778AF5C1D7AAA1200340C8B /* PassportViewController.swift */ = {isa = PBXFileReference; fileEncoding = 4; lastKnownFileType = sourcecode.swift; path = PassportViewController.swift; sourceTree = "<group>"; };
		8795AC941D7CB4D500B66C38 /* tessdata */ = {isa = PBXFileReference; lastKnownFileType = folder; path = tessdata; sourceTree = "<group>"; };
		87BA376B1D8F347D00F3C02E /* PassportOCR copy-Info.plist */ = {isa = PBXFileReference; lastKnownFileType = text.plist.xml; name = "PassportOCR copy-Info.plist"; path = "/Users/Mihail/Desktop/podTest/PassportOCR/Example/PassportOCR copy-Info.plist"; sourceTree = "<absolute>"; };
		87BA37811D8F35F900F3C02E /* ExamplePassportOCR copy.app */ = {isa = PBXFileReference; explicitFileType = wrapper.application; includeInIndex = 0; path = "ExamplePassportOCR copy.app"; sourceTree = BUILT_PRODUCTS_DIR; };
		87BA37821D8F35FA00F3C02E /* ExamplePassportOCR copy-Info.plist */ = {isa = PBXFileReference; lastKnownFileType = text.plist.xml; name = "ExamplePassportOCR copy-Info.plist"; path = "/Users/Mihail/Desktop/podTest/PassportOCR/Example/ExamplePassportOCR copy-Info.plist"; sourceTree = "<absolute>"; };
		87CC2B491D85EFC500A10D6C /* GPUImage.framework */ = {isa = PBXFileReference; lastKnownFileType = wrapper.framework; name = GPUImage.framework; path = "../../../../Library/Developer/Xcode/DerivedData/PassportOCR-dgijcfhtmcmzjkgquousxotyhnoq/Build/Products/Debug-iphoneos/GPUImage.framework"; sourceTree = "<group>"; };
		87CC2B4F1D86CC3800A10D6C /* Assets.xcassets */ = {isa = PBXFileReference; lastKnownFileType = folder.assetcatalog; path = Assets.xcassets; sourceTree = "<group>"; };
		87E5361E1D88C9EB00EB1DBA /* PassportTextField.swift */ = {isa = PBXFileReference; fileEncoding = 4; lastKnownFileType = sourcecode.swift; path = PassportTextField.swift; sourceTree = "<group>"; };
		87EEF4DB1D7F01F5008FADA0 /* PassportOCRTests.xctest */ = {isa = PBXFileReference; explicitFileType = wrapper.cfbundle; includeInIndex = 0; path = PassportOCRTests.xctest; sourceTree = BUILT_PRODUCTS_DIR; };
		87EEF4DD1D7F01F5008FADA0 /* PassportOCRTests.swift */ = {isa = PBXFileReference; lastKnownFileType = sourcecode.swift; path = PassportOCRTests.swift; sourceTree = "<group>"; };
		87EEF4DF1D7F01F5008FADA0 /* Info.plist */ = {isa = PBXFileReference; lastKnownFileType = text.plist.xml; path = Info.plist; sourceTree = "<group>"; };
/* End PBXFileReference section */

/* Begin PBXFrameworksBuildPhase section */
		87BA37741D8F35F900F3C02E /* Frameworks */ = {
			isa = PBXFrameworksBuildPhase;
			buildActionMask = 2147483647;
			files = (
				87BA37751D8F35F900F3C02E /* Pods_PassportOCR.framework in Frameworks */,
			);
			runOnlyForDeploymentPostprocessing = 0;
		};
		87EEF4D81D7F01F5008FADA0 /* Frameworks */ = {
			isa = PBXFrameworksBuildPhase;
			buildActionMask = 2147483647;
			files = (
			);
			runOnlyForDeploymentPostprocessing = 0;
		};
/* End PBXFrameworksBuildPhase section */

/* Begin PBXGroup section */
		2FBD9BC97ED81EB5B02610CD /* Frameworks */ = {
			isa = PBXGroup;
			children = (
				87CC2B491D85EFC500A10D6C /* GPUImage.framework */,
				68094E3CED13E6A10E952C0C /* Pods_PassportOCR.framework */,
			);
			name = Frameworks;
			sourceTree = "<group>";
		};
		490FA1BD0908D96E879EA5E4 /* Pods */ = {
			isa = PBXGroup;
			children = (
				119D9EA4599EEB73E01A6F0B /* Pods-PassportOCR.debug.xcconfig */,
				1231E8D8D0E5326475EF8218 /* Pods-PassportOCR.release.xcconfig */,
			);
			name = Pods;
			sourceTree = "<group>";
		};
		87257A371D7E4812006B41A5 /* Helper */ = {
			isa = PBXGroup;
			children = (
				87569EB41D8A9E9E002093B1 /* CountryCodes.txt */,
				8778AF561D7AA86600340C8B /* Info.plist */,
				8778AF4A1D7AA86600340C8B /* AppDelegate.swift */,
				87CC2B4F1D86CC3800A10D6C /* Assets.xcassets */,
				8795AC941D7CB4D500B66C38 /* tessdata */,
			);
			name = Helper;
			sourceTree = "<group>";
		};
		874ACE061D805EF900B3EB50 /* Controllers */ = {
			isa = PBXGroup;
			children = (
				8778AF5C1D7AAA1200340C8B /* PassportViewController.swift */,
			);
			name = Controllers;
			sourceTree = "<group>";
		};
		874ACE071D805F0100B3EB50 /* Views */ = {
			isa = PBXGroup;
			children = (
				8778AF4E1D7AA86600340C8B /* Main.storyboard */,
				8778AF531D7AA86600340C8B /* LaunchScreen.storyboard */,
				87E5361E1D88C9EB00EB1DBA /* PassportTextField.swift */,
			);
			name = Views;
			sourceTree = "<group>";
		};
		8778AF3E1D7AA86600340C8B = {
			isa = PBXGroup;
			children = (
				8778AF491D7AA86600340C8B /* PassportOCR */,
				87EEF4DC1D7F01F5008FADA0 /* PassportOCRTests */,
				8778AF481D7AA86600340C8B /* Products */,
				2FBD9BC97ED81EB5B02610CD /* Frameworks */,
				490FA1BD0908D96E879EA5E4 /* Pods */,
				87BA376B1D8F347D00F3C02E /* PassportOCR copy-Info.plist */,
				87BA37821D8F35FA00F3C02E /* ExamplePassportOCR copy-Info.plist */,
			);
			sourceTree = "<group>";
		};
		8778AF481D7AA86600340C8B /* Products */ = {
			isa = PBXGroup;
			children = (
				87EEF4DB1D7F01F5008FADA0 /* PassportOCRTests.xctest */,
				87BA37811D8F35F900F3C02E /* ExamplePassportOCR copy.app */,
			);
			name = Products;
			sourceTree = "<group>";
		};
		8778AF491D7AA86600340C8B /* PassportOCR */ = {
			isa = PBXGroup;
			children = (
				874ACE071D805F0100B3EB50 /* Views */,
				874ACE061D805EF900B3EB50 /* Controllers */,
				87257A371D7E4812006B41A5 /* Helper */,
			);
			path = PassportOCR;
			sourceTree = "<group>";
		};
		87EEF4DC1D7F01F5008FADA0 /* PassportOCRTests */ = {
			isa = PBXGroup;
			children = (
				87EEF4DD1D7F01F5008FADA0 /* PassportOCRTests.swift */,
				87EEF4DF1D7F01F5008FADA0 /* Info.plist */,
			);
			path = PassportOCRTests;
			sourceTree = "<group>";
		};
/* End PBXGroup section */

/* Begin PBXNativeTarget section */
		87BA376E1D8F35F900F3C02E /* ExamplePassportOCR copy */ = {
			isa = PBXNativeTarget;
			buildConfigurationList = 87BA377E1D8F35F900F3C02E /* Build configuration list for PBXNativeTarget "ExamplePassportOCR copy" */;
			buildPhases = (
				87BA376F1D8F35F900F3C02E /* [CP] Check Pods Manifest.lock */,
				87BA37701D8F35F900F3C02E /* Sources */,
				87BA37741D8F35F900F3C02E /* Frameworks */,
				87BA37761D8F35F900F3C02E /* Resources */,
				87BA377C1D8F35F900F3C02E /* [CP] Embed Pods Frameworks */,
				87BA377D1D8F35F900F3C02E /* [CP] Copy Pods Resources */,
			);
			buildRules = (
			);
			dependencies = (
			);
			name = "ExamplePassportOCR copy";
			productName = PassportOCR;
			productReference = 87BA37811D8F35F900F3C02E /* ExamplePassportOCR copy.app */;
			productType = "com.apple.product-type.application";
		};
		87EEF4DA1D7F01F5008FADA0 /* PassportOCRTests */ = {
			isa = PBXNativeTarget;
			buildConfigurationList = 87EEF4E21D7F01F5008FADA0 /* Build configuration list for PBXNativeTarget "PassportOCRTests" */;
			buildPhases = (
				87EEF4D71D7F01F5008FADA0 /* Sources */,
				87EEF4D81D7F01F5008FADA0 /* Frameworks */,
				87EEF4D91D7F01F5008FADA0 /* Resources */,
			);
			buildRules = (
			);
			dependencies = (
			);
			name = PassportOCRTests;
			productName = PassportOCRTests;
			productReference = 87EEF4DB1D7F01F5008FADA0 /* PassportOCRTests.xctest */;
			productType = "com.apple.product-type.bundle.unit-test";
		};
/* End PBXNativeTarget section */

/* Begin PBXProject section */
		8778AF3F1D7AA86600340C8B /* Project object */ = {
			isa = PBXProject;
			attributes = {
				LastSwiftUpdateCheck = 0730;
				LastUpgradeCheck = 0730;
				ORGANIZATIONNAME = empatika;
				TargetAttributes = {
					87EEF4DA1D7F01F5008FADA0 = {
						CreatedOnToolsVersion = 7.3.1;
						TestTargetID = 8778AF461D7AA86600340C8B;
					};
				};
			};
			buildConfigurationList = 8778AF421D7AA86600340C8B /* Build configuration list for PBXProject "PassportOCR" */;
			compatibilityVersion = "Xcode 3.2";
			developmentRegion = English;
			hasScannedForEncodings = 0;
			knownRegions = (
				en,
				Base,
			);
			mainGroup = 8778AF3E1D7AA86600340C8B;
			productRefGroup = 8778AF481D7AA86600340C8B /* Products */;
			projectDirPath = "";
			projectRoot = "";
			targets = (
				87EEF4DA1D7F01F5008FADA0 /* PassportOCRTests */,
				87BA376E1D8F35F900F3C02E /* ExamplePassportOCR copy */,
			);
		};
/* End PBXProject section */

/* Begin PBXResourcesBuildPhase section */
		87BA37761D8F35F900F3C02E /* Resources */ = {
			isa = PBXResourcesBuildPhase;
			buildActionMask = 2147483647;
			files = (
				87BA37771D8F35F900F3C02E /* LaunchScreen.storyboard in Resources */,
				87BA37781D8F35F900F3C02E /* tessdata in Resources */,
				87BA37791D8F35F900F3C02E /* Assets.xcassets in Resources */,
				87BA377A1D8F35F900F3C02E /* Main.storyboard in Resources */,
				87BA377B1D8F35F900F3C02E /* CountryCodes.txt in Resources */,
			);
			runOnlyForDeploymentPostprocessing = 0;
		};
		87EEF4D91D7F01F5008FADA0 /* Resources */ = {
			isa = PBXResourcesBuildPhase;
			buildActionMask = 2147483647;
			files = (
			);
			runOnlyForDeploymentPostprocessing = 0;
		};
/* End PBXResourcesBuildPhase section */

/* Begin PBXShellScriptBuildPhase section */
		87BA376F1D8F35F900F3C02E /* [CP] Check Pods Manifest.lock */ = {
			isa = PBXShellScriptBuildPhase;
			buildActionMask = 2147483647;
			files = (
			);
			inputPaths = (
			);
			name = "[CP] Check Pods Manifest.lock";
			outputPaths = (
			);
			runOnlyForDeploymentPostprocessing = 0;
			shellPath = /bin/sh;
			shellScript = "diff \"${PODS_ROOT}/../Podfile.lock\" \"${PODS_ROOT}/Manifest.lock\" > /dev/null\nif [[ $? != 0 ]] ; then\n    cat << EOM\nerror: The sandbox is not in sync with the Podfile.lock. Run 'pod install' or update your CocoaPods installation.\nEOM\n    exit 1\nfi\n";
			showEnvVarsInLog = 0;
		};
		87BA377C1D8F35F900F3C02E /* [CP] Embed Pods Frameworks */ = {
			isa = PBXShellScriptBuildPhase;
			buildActionMask = 2147483647;
			files = (
			);
			inputPaths = (
			);
			name = "[CP] Embed Pods Frameworks";
			outputPaths = (
			);
			runOnlyForDeploymentPostprocessing = 0;
			shellPath = /bin/sh;
			shellScript = "\"${SRCROOT}/Pods/Target Support Files/Pods-PassportOCR/Pods-PassportOCR-frameworks.sh\"\n";
			showEnvVarsInLog = 0;
		};
		87BA377D1D8F35F900F3C02E /* [CP] Copy Pods Resources */ = {
			isa = PBXShellScriptBuildPhase;
			buildActionMask = 2147483647;
			files = (
			);
			inputPaths = (
			);
			name = "[CP] Copy Pods Resources";
			outputPaths = (
			);
			runOnlyForDeploymentPostprocessing = 0;
			shellPath = /bin/sh;
			shellScript = "\"${SRCROOT}/Pods/Target Support Files/Pods-PassportOCR/Pods-PassportOCR-resources.sh\"\n";
			showEnvVarsInLog = 0;
		};
/* End PBXShellScriptBuildPhase section */

/* Begin PBXSourcesBuildPhase section */
		87BA37701D8F35F900F3C02E /* Sources */ = {
			isa = PBXSourcesBuildPhase;
			buildActionMask = 2147483647;
			files = (
				87BA37711D8F35F900F3C02E /* PassportViewController.swift in Sources */,
				87BA37721D8F35F900F3C02E /* AppDelegate.swift in Sources */,
				87BA37731D8F35F900F3C02E /* PassportTextField.swift in Sources */,
			);
			runOnlyForDeploymentPostprocessing = 0;
		};
		87EEF4D71D7F01F5008FADA0 /* Sources */ = {
			isa = PBXSourcesBuildPhase;
			buildActionMask = 2147483647;
			files = (
				87EEF4DE1D7F01F5008FADA0 /* PassportOCRTests.swift in Sources */,
			);
			runOnlyForDeploymentPostprocessing = 0;
		};
/* End PBXSourcesBuildPhase section */

/* Begin PBXVariantGroup section */
		8778AF4E1D7AA86600340C8B /* Main.storyboard */ = {
			isa = PBXVariantGroup;
			children = (
				8778AF4F1D7AA86600340C8B /* Base */,
			);
			name = Main.storyboard;
			sourceTree = "<group>";
		};
		8778AF531D7AA86600340C8B /* LaunchScreen.storyboard */ = {
			isa = PBXVariantGroup;
			children = (
				8778AF541D7AA86600340C8B /* Base */,
			);
			name = LaunchScreen.storyboard;
			sourceTree = "<group>";
		};
/* End PBXVariantGroup section */

/* Begin XCBuildConfiguration section */
		8778AF571D7AA86600340C8B /* Debug */ = {
			isa = XCBuildConfiguration;
			buildSettings = {
				ALWAYS_SEARCH_USER_PATHS = NO;
				CLANG_ANALYZER_NONNULL = YES;
				CLANG_CXX_LANGUAGE_STANDARD = "gnu++0x";
				CLANG_CXX_LIBRARY = "libc++";
				CLANG_ENABLE_MODULES = YES;
				CLANG_ENABLE_OBJC_ARC = YES;
				CLANG_WARN_BOOL_CONVERSION = YES;
				CLANG_WARN_CONSTANT_CONVERSION = YES;
				CLANG_WARN_DIRECT_OBJC_ISA_USAGE = YES_ERROR;
				CLANG_WARN_EMPTY_BODY = YES;
				CLANG_WARN_ENUM_CONVERSION = YES;
				CLANG_WARN_INT_CONVERSION = YES;
				CLANG_WARN_OBJC_ROOT_CLASS = YES_ERROR;
				CLANG_WARN_UNREACHABLE_CODE = YES;
				CLANG_WARN__DUPLICATE_METHOD_MATCH = YES;
				"CODE_SIGN_IDENTITY[sdk=iphoneos*]" = "iPhone Developer";
				COPY_PHASE_STRIP = NO;
				DEBUG_INFORMATION_FORMAT = dwarf;
				ENABLE_BITCODE = NO;
				ENABLE_STRICT_OBJC_MSGSEND = YES;
				ENABLE_TESTABILITY = YES;
				GCC_C_LANGUAGE_STANDARD = gnu99;
				GCC_DYNAMIC_NO_PIC = NO;
				GCC_NO_COMMON_BLOCKS = YES;
				GCC_OPTIMIZATION_LEVEL = 0;
				GCC_PREPROCESSOR_DEFINITIONS = (
					"DEBUG=1",
					"$(inherited)",
				);
				GCC_WARN_64_TO_32_BIT_CONVERSION = YES;
				GCC_WARN_ABOUT_RETURN_TYPE = YES_ERROR;
				GCC_WARN_UNDECLARED_SELECTOR = YES;
				GCC_WARN_UNINITIALIZED_AUTOS = YES_AGGRESSIVE;
				GCC_WARN_UNUSED_FUNCTION = YES;
				GCC_WARN_UNUSED_VARIABLE = YES;
				IPHONEOS_DEPLOYMENT_TARGET = 9.3;
				MTL_ENABLE_DEBUG_INFO = YES;
				ONLY_ACTIVE_ARCH = YES;
				SDKROOT = iphoneos;
				SWIFT_OPTIMIZATION_LEVEL = "-Onone";
			};
			name = Debug;
		};
		8778AF581D7AA86600340C8B /* Release */ = {
			isa = XCBuildConfiguration;
			buildSettings = {
				ALWAYS_SEARCH_USER_PATHS = NO;
				CLANG_ANALYZER_NONNULL = YES;
				CLANG_CXX_LANGUAGE_STANDARD = "gnu++0x";
				CLANG_CXX_LIBRARY = "libc++";
				CLANG_ENABLE_MODULES = YES;
				CLANG_ENABLE_OBJC_ARC = YES;
				CLANG_WARN_BOOL_CONVERSION = YES;
				CLANG_WARN_CONSTANT_CONVERSION = YES;
				CLANG_WARN_DIRECT_OBJC_ISA_USAGE = YES_ERROR;
				CLANG_WARN_EMPTY_BODY = YES;
				CLANG_WARN_ENUM_CONVERSION = YES;
				CLANG_WARN_INT_CONVERSION = YES;
				CLANG_WARN_OBJC_ROOT_CLASS = YES_ERROR;
				CLANG_WARN_UNREACHABLE_CODE = YES;
				CLANG_WARN__DUPLICATE_METHOD_MATCH = YES;
				"CODE_SIGN_IDENTITY[sdk=iphoneos*]" = "iPhone Developer";
				COPY_PHASE_STRIP = NO;
				DEBUG_INFORMATION_FORMAT = "dwarf-with-dsym";
				ENABLE_BITCODE = NO;
				ENABLE_NS_ASSERTIONS = NO;
				ENABLE_STRICT_OBJC_MSGSEND = YES;
				GCC_C_LANGUAGE_STANDARD = gnu99;
				GCC_NO_COMMON_BLOCKS = YES;
				GCC_WARN_64_TO_32_BIT_CONVERSION = YES;
				GCC_WARN_ABOUT_RETURN_TYPE = YES_ERROR;
				GCC_WARN_UNDECLARED_SELECTOR = YES;
				GCC_WARN_UNINITIALIZED_AUTOS = YES_AGGRESSIVE;
				GCC_WARN_UNUSED_FUNCTION = YES;
				GCC_WARN_UNUSED_VARIABLE = YES;
				IPHONEOS_DEPLOYMENT_TARGET = 9.3;
				MTL_ENABLE_DEBUG_INFO = NO;
				SDKROOT = iphoneos;
				VALIDATE_PRODUCT = YES;
			};
			name = Release;
		};
		87BA377F1D8F35F900F3C02E /* Debug */ = {
			isa = XCBuildConfiguration;
			baseConfigurationReference = 119D9EA4599EEB73E01A6F0B /* Pods-PassportOCR.debug.xcconfig */;
			buildSettings = {
				ASSETCATALOG_COMPILER_APPICON_NAME = AppIcon;
				CODE_SIGN_IDENTITY = "iPhone Developer";
				"CODE_SIGN_IDENTITY[sdk=iphoneos*]" = "iPhone Developer";
				ENABLE_BITCODE = NO;
				FRAMEWORK_SEARCH_PATHS = (
					"$(inherited)",
					"$(PROJECT_DIR)",
				);
				INFOPLIST_FILE = "ExamplePassportOCR copy-Info.plist";
				LD_RUNPATH_SEARCH_PATHS = "$(inherited) @executable_path/Frameworks";
				PRODUCT_BUNDLE_IDENTIFIER = empatika.PassportOCR;
				PRODUCT_NAME = "$(TARGET_NAME)";
				PROVISIONING_PROFILE = "";
			};
			name = Debug;
		};
		87BA37801D8F35F900F3C02E /* Release */ = {
			isa = XCBuildConfiguration;
			baseConfigurationReference = 1231E8D8D0E5326475EF8218 /* Pods-PassportOCR.release.xcconfig */;
			buildSettings = {
				ASSETCATALOG_COMPILER_APPICON_NAME = AppIcon;
				CODE_SIGN_IDENTITY = "iPhone Developer";
				"CODE_SIGN_IDENTITY[sdk=iphoneos*]" = "iPhone Developer";
				ENABLE_BITCODE = NO;
				ENABLE_TESTABILITY = YES;
				FRAMEWORK_SEARCH_PATHS = (
					"$(inherited)",
					"$(PROJECT_DIR)",
				);
				INFOPLIST_FILE = "ExamplePassportOCR copy-Info.plist";
				LD_RUNPATH_SEARCH_PATHS = "$(inherited) @executable_path/Frameworks";
				PRODUCT_BUNDLE_IDENTIFIER = empatika.PassportOCR;
				PRODUCT_NAME = "$(TARGET_NAME)";
				PROVISIONING_PROFILE = "";
			};
			name = Release;
		};
		87EEF4E31D7F01F5008FADA0 /* Debug */ = {
			isa = XCBuildConfiguration;
			buildSettings = {
				BUNDLE_LOADER = "$(TEST_HOST)";
				INFOPLIST_FILE = PassportOCRTests/Info.plist;
				LD_RUNPATH_SEARCH_PATHS = "$(inherited) @executable_path/Frameworks @loader_path/Frameworks";
				PRODUCT_BUNDLE_IDENTIFIER = empatika.PassportOCRTests;
				PRODUCT_NAME = "$(TARGET_NAME)";
				TEST_HOST = "$(BUILT_PRODUCTS_DIR)/PassportOCR.app/PassportOCR";
			};
			name = Debug;
		};
		87EEF4E41D7F01F5008FADA0 /* Release */ = {
			isa = XCBuildConfiguration;
			buildSettings = {
				BUNDLE_LOADER = "$(TEST_HOST)";
				INFOPLIST_FILE = PassportOCRTests/Info.plist;
				LD_RUNPATH_SEARCH_PATHS = "$(inherited) @executable_path/Frameworks @loader_path/Frameworks";
				PRODUCT_BUNDLE_IDENTIFIER = empatika.PassportOCRTests;
				PRODUCT_NAME = "$(TARGET_NAME)";
				TEST_HOST = "$(BUILT_PRODUCTS_DIR)/PassportOCR.app/PassportOCR";
			};
			name = Release;
		};
/* End XCBuildConfiguration section */

/* Begin XCConfigurationList section */
		8778AF421D7AA86600340C8B /* Build configuration list for PBXProject "PassportOCR" */ = {
			isa = XCConfigurationList;
			buildConfigurations = (
				8778AF571D7AA86600340C8B /* Debug */,
				8778AF581D7AA86600340C8B /* Release */,
			);
			defaultConfigurationIsVisible = 0;
			defaultConfigurationName = Release;
		};
		87BA377E1D8F35F900F3C02E /* Build configuration list for PBXNativeTarget "ExamplePassportOCR copy" */ = {
			isa = XCConfigurationList;
			buildConfigurations = (
				87BA377F1D8F35F900F3C02E /* Debug */,
				87BA37801D8F35F900F3C02E /* Release */,
			);
			defaultConfigurationIsVisible = 0;
			defaultConfigurationName = Release;
		};
		87EEF4E21D7F01F5008FADA0 /* Build configuration list for PBXNativeTarget "PassportOCRTests" */ = {
			isa = XCConfigurationList;
			buildConfigurations = (
				87EEF4E31D7F01F5008FADA0 /* Debug */,
				87EEF4E41D7F01F5008FADA0 /* Release */,
			);
			defaultConfigurationIsVisible = 0;
			defaultConfigurationName = Release;
		};
/* End XCConfigurationList section */
	};
	rootObject = 8778AF3F1D7AA86600340C8B /* Project object */;
}
